
Microsoft Visual Studio Solution File, Format Version 12.00
# Visual Studio Version 16
VisualStudioVersion = 16.0.34031.81
MinimumVisualStudioVersion = 10.0.40219.1
Project("{FAE04EC0-301F-11D3-BF4B-00C04F79EFBC}") = "SkyLineShop", "SkyLineShop\SkyLineShop.csproj", "{8B101493-94D6-4390-999A-2C70C91147FB}"
EndProject
Global
	GlobalSection(SolutionConfigurationPlatforms) = preSolution
		Debug|Any CPU = Debug|Any CPU
		Release|Any CPU = Release|Any CPU
	EndGlobalSection
	GlobalSection(ProjectConfigurationPlatforms) = postSolution
		{8B101493-94D6-4390-999A-2C70C91147FB}.Debug|Any CPU.ActiveCfg = Debug|Any CPU
		{8B101493-94D6-4390-999A-2C70C91147FB}.Debug|Any CPU.Build.0 = Debug|Any CPU
		{8B101493-94D6-4390-999A-2C70C91147FB}.Release|Any CPU.ActiveCfg = Release|Any CPU
		{8B101493-94D6-4390-999A-2C70C91147FB}.Release|Any CPU.Build.0 = Release|Any CPU
	EndGlobalSection
	GlobalSection(SolutionProperties) = preSolution
		HideSolutionNode = FALSE
	EndGlobalSection
	GlobalSection(ExtensibilityGlobals) = postSolution
		SolutionGuid = {7975A541-EF72-40BE-BE11-821E6609BBCE}
	EndGlobalSection
EndGlobal
